
Microsoft Visual Studio Solution File, Format Version 12.00
# Visual Studio Version 17
VisualStudioVersion = 17.8.34330.188
MinimumVisualStudioVersion = 10.0.40219.1
Project("{8BC9CEB8-8B4A-11D0-8D11-00A0C91BC942}") = "AsyncServer_v5", "AsyncServer_v5\AsyncServer_v5.vcxproj", "{EE32DAAD-535B-4F08-810D-2FF7249BFCD9}"
EndProject
Project("{8BC9CEB8-8B4A-11D0-8D11-00A0C91BC942}") = "Client", "Client\Client.vcxproj", "{E1D8BC27-43DE-4520-B286-77962C02E043}"
EndProject
Global
	GlobalSection(SolutionConfigurationPlatforms) = preSolution
		Debug|x64 = Debug|x64
		Debug|x86 = Debug|x86
		Release|x64 = Release|x64
		Release|x86 = Release|x86
	EndGlobalSection
	GlobalSection(ProjectConfigurationPlatforms) = postSolution
		{EE32DAAD-535B-4F08-810D-2FF7249BFCD9}.Debug|x64.ActiveCfg = Debug|x64
		{EE32DAAD-535B-4F08-810D-2FF7249BFCD9}.Debug|x64.Build.0 = Debug|x64
		{EE32DAAD-535B-4F08-810D-2FF7249BFCD9}.Debug|x86.ActiveCfg = Debug|Win32
		{EE32DAAD-535B-4F08-810D-2FF7249BFCD9}.Debug|x86.Build.0 = Debug|Win32
		{EE32DAAD-535B-4F08-810D-2FF7249BFCD9}.Release|x64.ActiveCfg = Release|x64
		{EE32DAAD-535B-4F08-810D-2FF7249BFCD9}.Release|x64.Build.0 = Release|x64
		{EE32DAAD-535B-4F08-810D-2FF7249BFCD9}.Release|x86.ActiveCfg = Release|Win32
		{EE32DAAD-535B-4F08-810D-2FF7249BFCD9}.Release|x86.Build.0 = Release|Win32
		{E1D8BC27-43DE-4520-B286-77962C02E043}.Debug|x64.ActiveCfg = Debug|x64
		{E1D8BC27-43DE-4520-B286-77962C02E043}.Debug|x64.Build.0 = Debug|x64
		{E1D8BC27-43DE-4520-B286-77962C02E043}.Debug|x86.ActiveCfg = Debug|Win32
		{E1D8BC27-43DE-4520-B286-77962C02E043}.Debug|x86.Build.0 = Debug|Win32
		{E1D8BC27-43DE-4520-B286-77962C02E043}.Release|x64.ActiveCfg = Release|x64
		{E1D8BC27-43DE-4520-B286-77962C02E043}.Release|x64.Build.0 = Release|x64
		{E1D8BC27-43DE-4520-B286-77962C02E043}.Release|x86.ActiveCfg = Release|Win32
		{E1D8BC27-43DE-4520-B286-77962C02E043}.Release|x86.Build.0 = Release|Win32
	EndGlobalSection
	GlobalSection(SolutionProperties) = preSolution
		HideSolutionNode = FALSE
	EndGlobalSection
	GlobalSection(ExtensibilityGlobals) = postSolution
		SolutionGuid = {8AA92889-2A60-4E5A-9D14-37CCABED1C6F}
	EndGlobalSection
EndGlobal
